
Microsoft Visual Studio Solution File, Format Version 12.00
# Visual Studio Version 16
VisualStudioVersion = 16.0.31129.286
MinimumVisualStudioVersion = 10.0.40219.1
Project("{FAE04EC0-301F-11D3-BF4B-00C04F79EFBC}") = "recipes_and_meal_plan_api", "recipes_and_meal_plan_api\recipes_and_meal_plan_api.csproj", "{930BABA6-1358-47B9-AABA-BD05721F82EB}"
EndProject
Global
	GlobalSection(SolutionConfigurationPlatforms) = preSolution
		Debug|Any CPU = Debug|Any CPU
		Release|Any CPU = Release|Any CPU
	EndGlobalSection
	GlobalSection(ProjectConfigurationPlatforms) = postSolution
		{930BABA6-1358-47B9-AABA-BD05721F82EB}.Debug|Any CPU.ActiveCfg = Debug|Any CPU
		{930BABA6-1358-47B9-AABA-BD05721F82EB}.Debug|Any CPU.Build.0 = Debug|Any CPU
		{930BABA6-1358-47B9-AABA-BD05721F82EB}.Release|Any CPU.ActiveCfg = Release|Any CPU
		{930BABA6-1358-47B9-AABA-BD05721F82EB}.Release|Any CPU.Build.0 = Release|Any CPU
	EndGlobalSection
	GlobalSection(SolutionProperties) = preSolution
		HideSolutionNode = FALSE
	EndGlobalSection
	GlobalSection(ExtensibilityGlobals) = postSolution
		SolutionGuid = {50C19F1A-B484-4BE2-996D-DCB7EF98187F}
	EndGlobalSection
EndGlobal
